
Microsoft Visual Studio Solution File, Format Version 12.00
# Visual Studio Version 16
VisualStudioVersion = 16.0.31321.278
MinimumVisualStudioVersion = 10.0.40219.1
Project("{FAE04EC0-301F-11D3-BF4B-00C04F79EFBC}") = "InheritancePractice", "InheritancePractice\InheritancePractice.csproj", "{11013390-1F6D-4B4F-95BF-5E90BC2D1012}"
EndProject
Global
	GlobalSection(SolutionConfigurationPlatforms) = preSolution
		Debug|Any CPU = Debug|Any CPU
		Release|Any CPU = Release|Any CPU
	EndGlobalSection
	GlobalSection(ProjectConfigurationPlatforms) = postSolution
		{11013390-1F6D-4B4F-95BF-5E90BC2D1012}.Debug|Any CPU.ActiveCfg = Debug|Any CPU
		{11013390-1F6D-4B4F-95BF-5E90BC2D1012}.Debug|Any CPU.Build.0 = Debug|Any CPU
		{11013390-1F6D-4B4F-95BF-5E90BC2D1012}.Release|Any CPU.ActiveCfg = Release|Any CPU
		{11013390-1F6D-4B4F-95BF-5E90BC2D1012}.Release|Any CPU.Build.0 = Release|Any CPU
	EndGlobalSection
	GlobalSection(SolutionProperties) = preSolution
		HideSolutionNode = FALSE
	EndGlobalSection
	GlobalSection(ExtensibilityGlobals) = postSolution
		SolutionGuid = {E12B2C0C-D8A0-475B-93EE-9A5DBE655744}
	EndGlobalSection
EndGlobal
