
Microsoft Visual Studio Solution File, Format Version 12.00
# Visual Studio Version 16
VisualStudioVersion = 16.0.31321.278
MinimumVisualStudioVersion = 10.0.40219.1
Project("{FAE04EC0-301F-11D3-BF4B-00C04F79EFBC}") = "DictTesting", "DictTesting\DictTesting.csproj", "{99B7AB5D-38EC-4918-86BB-5E776E7426BE}"
EndProject
Global
	GlobalSection(SolutionConfigurationPlatforms) = preSolution
		Debug|Any CPU = Debug|Any CPU
		Release|Any CPU = Release|Any CPU
	EndGlobalSection
	GlobalSection(ProjectConfigurationPlatforms) = postSolution
		{99B7AB5D-38EC-4918-86BB-5E776E7426BE}.Debug|Any CPU.ActiveCfg = Debug|Any CPU
		{99B7AB5D-38EC-4918-86BB-5E776E7426BE}.Debug|Any CPU.Build.0 = Debug|Any CPU
		{99B7AB5D-38EC-4918-86BB-5E776E7426BE}.Release|Any CPU.ActiveCfg = Release|Any CPU
		{99B7AB5D-38EC-4918-86BB-5E776E7426BE}.Release|Any CPU.Build.0 = Release|Any CPU
	EndGlobalSection
	GlobalSection(SolutionProperties) = preSolution
		HideSolutionNode = FALSE
	EndGlobalSection
	GlobalSection(ExtensibilityGlobals) = postSolution
		SolutionGuid = {BC071A49-624B-4C70-BD03-0CC988E855B5}
	EndGlobalSection
EndGlobal
