
Microsoft Visual Studio Solution File, Format Version 12.00
# Visual Studio Version 16
VisualStudioVersion = 16.0.31321.278
MinimumVisualStudioVersion = 10.0.40219.1
Project("{FAE04EC0-301F-11D3-BF4B-00C04F79EFBC}") = "AsyncAwait", "AsyncAwait\AsyncAwait.csproj", "{05EBD5CD-3065-476B-855D-E81730C4570B}"
EndProject
Global
	GlobalSection(SolutionConfigurationPlatforms) = preSolution
		Debug|Any CPU = Debug|Any CPU
		Release|Any CPU = Release|Any CPU
	EndGlobalSection
	GlobalSection(ProjectConfigurationPlatforms) = postSolution
		{05EBD5CD-3065-476B-855D-E81730C4570B}.Debug|Any CPU.ActiveCfg = Debug|Any CPU
		{05EBD5CD-3065-476B-855D-E81730C4570B}.Debug|Any CPU.Build.0 = Debug|Any CPU
		{05EBD5CD-3065-476B-855D-E81730C4570B}.Release|Any CPU.ActiveCfg = Release|Any CPU
		{05EBD5CD-3065-476B-855D-E81730C4570B}.Release|Any CPU.Build.0 = Release|Any CPU
	EndGlobalSection
	GlobalSection(SolutionProperties) = preSolution
		HideSolutionNode = FALSE
	EndGlobalSection
	GlobalSection(ExtensibilityGlobals) = postSolution
		SolutionGuid = {4EDA00FE-A195-4190-8898-FB4BE2D289E8}
	EndGlobalSection
EndGlobal
