
Microsoft Visual Studio Solution File, Format Version 12.00
# Visual Studio Version 16
VisualStudioVersion = 16.0.31321.278
MinimumVisualStudioVersion = 10.0.40219.1
Project("{FAE04EC0-301F-11D3-BF4B-00C04F79EFBC}") = "CSharpPractice", "CSharpPractice\CSharpPractice.csproj", "{79EACCCF-4190-4F83-8E7B-E4A9B5A788D2}"
EndProject
Project("{FAE04EC0-301F-11D3-BF4B-00C04F79EFBC}") = "Ploy", "Ploy\Ploy.csproj", "{0F7D86BE-3A39-42BB-A4F2-AD808B0B18EB}"
EndProject
Project("{FAE04EC0-301F-11D3-BF4B-00C04F79EFBC}") = "Asyncccc", "Asyncccc\Asyncccc.csproj", "{65272B4F-9215-4B04-8220-F0D0041F067F}"
EndProject
Global
	GlobalSection(SolutionConfigurationPlatforms) = preSolution
		Debug|Any CPU = Debug|Any CPU
		Release|Any CPU = Release|Any CPU
	EndGlobalSection
	GlobalSection(ProjectConfigurationPlatforms) = postSolution
		{79EACCCF-4190-4F83-8E7B-E4A9B5A788D2}.Debug|Any CPU.ActiveCfg = Debug|Any CPU
		{79EACCCF-4190-4F83-8E7B-E4A9B5A788D2}.Debug|Any CPU.Build.0 = Debug|Any CPU
		{79EACCCF-4190-4F83-8E7B-E4A9B5A788D2}.Release|Any CPU.ActiveCfg = Release|Any CPU
		{79EACCCF-4190-4F83-8E7B-E4A9B5A788D2}.Release|Any CPU.Build.0 = Release|Any CPU
		{0F7D86BE-3A39-42BB-A4F2-AD808B0B18EB}.Debug|Any CPU.ActiveCfg = Debug|Any CPU
		{0F7D86BE-3A39-42BB-A4F2-AD808B0B18EB}.Debug|Any CPU.Build.0 = Debug|Any CPU
		{0F7D86BE-3A39-42BB-A4F2-AD808B0B18EB}.Release|Any CPU.ActiveCfg = Release|Any CPU
		{0F7D86BE-3A39-42BB-A4F2-AD808B0B18EB}.Release|Any CPU.Build.0 = Release|Any CPU
		{65272B4F-9215-4B04-8220-F0D0041F067F}.Debug|Any CPU.ActiveCfg = Debug|Any CPU
		{65272B4F-9215-4B04-8220-F0D0041F067F}.Debug|Any CPU.Build.0 = Debug|Any CPU
		{65272B4F-9215-4B04-8220-F0D0041F067F}.Release|Any CPU.ActiveCfg = Release|Any CPU
		{65272B4F-9215-4B04-8220-F0D0041F067F}.Release|Any CPU.Build.0 = Release|Any CPU
	EndGlobalSection
	GlobalSection(SolutionProperties) = preSolution
		HideSolutionNode = FALSE
	EndGlobalSection
	GlobalSection(ExtensibilityGlobals) = postSolution
		SolutionGuid = {709881F0-20B6-49AA-B443-90CC710FD2EE}
	EndGlobalSection
EndGlobal
