
Microsoft Visual Studio Solution File, Format Version 12.00
# Visual Studio Version 16
VisualStudioVersion = 16.0.31321.278
MinimumVisualStudioVersion = 10.0.40219.1
Project("{FAE04EC0-301F-11D3-BF4B-00C04F79EFBC}") = "ExtensionMethods", "Linq\ExtensionMethods.csproj", "{2B10B137-3D50-4328-A619-22D6D934DAD3}"
EndProject
Global
	GlobalSection(SolutionConfigurationPlatforms) = preSolution
		Debug|Any CPU = Debug|Any CPU
		Release|Any CPU = Release|Any CPU
	EndGlobalSection
	GlobalSection(ProjectConfigurationPlatforms) = postSolution
		{2B10B137-3D50-4328-A619-22D6D934DAD3}.Debug|Any CPU.ActiveCfg = Debug|Any CPU
		{2B10B137-3D50-4328-A619-22D6D934DAD3}.Debug|Any CPU.Build.0 = Debug|Any CPU
		{2B10B137-3D50-4328-A619-22D6D934DAD3}.Release|Any CPU.ActiveCfg = Release|Any CPU
		{2B10B137-3D50-4328-A619-22D6D934DAD3}.Release|Any CPU.Build.0 = Release|Any CPU
	EndGlobalSection
	GlobalSection(SolutionProperties) = preSolution
		HideSolutionNode = FALSE
	EndGlobalSection
	GlobalSection(ExtensibilityGlobals) = postSolution
		SolutionGuid = {89692A2D-628E-4AF5-A870-355460A6218F}
	EndGlobalSection
EndGlobal
