
Microsoft Visual Studio Solution File, Format Version 12.00
# Visual Studio Version 16
VisualStudioVersion = 16.0.31321.278
MinimumVisualStudioVersion = 10.0.40219.1
Project("{FAE04EC0-301F-11D3-BF4B-00C04F79EFBC}") = "Stopwatch", "Stopwatch\Stopwatch.csproj", "{189EFE01-98C3-43DE-B5E2-2A63DD4B1B80}"
EndProject
Global
	GlobalSection(SolutionConfigurationPlatforms) = preSolution
		Debug|Any CPU = Debug|Any CPU
		Release|Any CPU = Release|Any CPU
	EndGlobalSection
	GlobalSection(ProjectConfigurationPlatforms) = postSolution
		{189EFE01-98C3-43DE-B5E2-2A63DD4B1B80}.Debug|Any CPU.ActiveCfg = Debug|Any CPU
		{189EFE01-98C3-43DE-B5E2-2A63DD4B1B80}.Debug|Any CPU.Build.0 = Debug|Any CPU
		{189EFE01-98C3-43DE-B5E2-2A63DD4B1B80}.Release|Any CPU.ActiveCfg = Release|Any CPU
		{189EFE01-98C3-43DE-B5E2-2A63DD4B1B80}.Release|Any CPU.Build.0 = Release|Any CPU
	EndGlobalSection
	GlobalSection(SolutionProperties) = preSolution
		HideSolutionNode = FALSE
	EndGlobalSection
	GlobalSection(ExtensibilityGlobals) = postSolution
		SolutionGuid = {1602D9B9-E6A9-4F8C-8479-D0ED6FFE0E1B}
	EndGlobalSection
EndGlobal
