
Microsoft Visual Studio Solution File, Format Version 12.00
# Visual Studio Version 16
VisualStudioVersion = 16.0.31321.278
MinimumVisualStudioVersion = 10.0.40219.1
Project("{FAE04EC0-301F-11D3-BF4B-00C04F79EFBC}") = "ExceptionHandling", "ExceptionHandling\ExceptionHandling.csproj", "{A6AA4390-E4C1-4C80-8973-AA0EE85B9A1A}"
EndProject
Global
	GlobalSection(SolutionConfigurationPlatforms) = preSolution
		Debug|Any CPU = Debug|Any CPU
		Release|Any CPU = Release|Any CPU
	EndGlobalSection
	GlobalSection(ProjectConfigurationPlatforms) = postSolution
		{A6AA4390-E4C1-4C80-8973-AA0EE85B9A1A}.Debug|Any CPU.ActiveCfg = Debug|Any CPU
		{A6AA4390-E4C1-4C80-8973-AA0EE85B9A1A}.Debug|Any CPU.Build.0 = Debug|Any CPU
		{A6AA4390-E4C1-4C80-8973-AA0EE85B9A1A}.Release|Any CPU.ActiveCfg = Release|Any CPU
		{A6AA4390-E4C1-4C80-8973-AA0EE85B9A1A}.Release|Any CPU.Build.0 = Release|Any CPU
	EndGlobalSection
	GlobalSection(SolutionProperties) = preSolution
		HideSolutionNode = FALSE
	EndGlobalSection
	GlobalSection(ExtensibilityGlobals) = postSolution
		SolutionGuid = {7D8C400F-A2A2-465E-BC22-7AAB95BB9834}
	EndGlobalSection
EndGlobal
