
Microsoft Visual Studio Solution File, Format Version 12.00
# Visual Studio Version 16
VisualStudioVersion = 16.0.31321.278
MinimumVisualStudioVersion = 10.0.40219.1
Project("{FAE04EC0-301F-11D3-BF4B-00C04F79EFBC}") = "LinkedListPractice", "LinkedListPractice\LinkedListPractice.csproj", "{3DE81981-6DC0-4201-AF7B-B8148670970C}"
EndProject
Global
	GlobalSection(SolutionConfigurationPlatforms) = preSolution
		Debug|Any CPU = Debug|Any CPU
		Release|Any CPU = Release|Any CPU
	EndGlobalSection
	GlobalSection(ProjectConfigurationPlatforms) = postSolution
		{3DE81981-6DC0-4201-AF7B-B8148670970C}.Debug|Any CPU.ActiveCfg = Debug|Any CPU
		{3DE81981-6DC0-4201-AF7B-B8148670970C}.Debug|Any CPU.Build.0 = Debug|Any CPU
		{3DE81981-6DC0-4201-AF7B-B8148670970C}.Release|Any CPU.ActiveCfg = Release|Any CPU
		{3DE81981-6DC0-4201-AF7B-B8148670970C}.Release|Any CPU.Build.0 = Release|Any CPU
	EndGlobalSection
	GlobalSection(SolutionProperties) = preSolution
		HideSolutionNode = FALSE
	EndGlobalSection
	GlobalSection(ExtensibilityGlobals) = postSolution
		SolutionGuid = {80599748-F0E1-4298-BAB0-90B752F6A70B}
	EndGlobalSection
EndGlobal
