
Microsoft Visual Studio Solution File, Format Version 12.00
# Visual Studio Version 16
VisualStudioVersion = 16.0.31321.278
MinimumVisualStudioVersion = 10.0.40219.1
Project("{FAE04EC0-301F-11D3-BF4B-00C04F79EFBC}") = "PartialClasses", "PartialClasses\PartialClasses.csproj", "{3646B11F-A9B7-40D9-B528-0ADF4EC13E4F}"
EndProject
Global
	GlobalSection(SolutionConfigurationPlatforms) = preSolution
		Debug|Any CPU = Debug|Any CPU
		Release|Any CPU = Release|Any CPU
	EndGlobalSection
	GlobalSection(ProjectConfigurationPlatforms) = postSolution
		{3646B11F-A9B7-40D9-B528-0ADF4EC13E4F}.Debug|Any CPU.ActiveCfg = Debug|Any CPU
		{3646B11F-A9B7-40D9-B528-0ADF4EC13E4F}.Debug|Any CPU.Build.0 = Debug|Any CPU
		{3646B11F-A9B7-40D9-B528-0ADF4EC13E4F}.Release|Any CPU.ActiveCfg = Release|Any CPU
		{3646B11F-A9B7-40D9-B528-0ADF4EC13E4F}.Release|Any CPU.Build.0 = Release|Any CPU
	EndGlobalSection
	GlobalSection(SolutionProperties) = preSolution
		HideSolutionNode = FALSE
	EndGlobalSection
	GlobalSection(ExtensibilityGlobals) = postSolution
		SolutionGuid = {59873EB7-1C29-493B-A150-30BEAFD1730B}
	EndGlobalSection
EndGlobal
